
Microsoft Visual Studio Solution File, Format Version 12.00
# Visual Studio 15
VisualStudioVersion = 15.0.28307.1000
MinimumVisualStudioVersion = 10.0.40219.1
Project("{8BC9CEB8-8B4A-11D0-8D11-00A0C91BC942}") = "Project1", "Project1\Project1.vcxproj", "{84E7CF06-A9BB-4CC8-975A-F77441F8F53A}"
EndProject
Global
	GlobalSection(SolutionConfigurationPlatforms) = preSolution
		Debug|x64 = Debug|x64
		Debug|x86 = Debug|x86
		Release|x64 = Release|x64
		Release|x86 = Release|x86
	EndGlobalSection
	GlobalSection(ProjectConfigurationPlatforms) = postSolution
		{84E7CF06-A9BB-4CC8-975A-F77441F8F53A}.Debug|x64.ActiveCfg = Debug|x64
		{84E7CF06-A9BB-4CC8-975A-F77441F8F53A}.Debug|x64.Build.0 = Debug|x64
		{84E7CF06-A9BB-4CC8-975A-F77441F8F53A}.Debug|x86.ActiveCfg = Debug|Win32
		{84E7CF06-A9BB-4CC8-975A-F77441F8F53A}.Debug|x86.Build.0 = Debug|Win32
		{84E7CF06-A9BB-4CC8-975A-F77441F8F53A}.Release|x64.ActiveCfg = Release|x64
		{84E7CF06-A9BB-4CC8-975A-F77441F8F53A}.Release|x64.Build.0 = Release|x64
		{84E7CF06-A9BB-4CC8-975A-F77441F8F53A}.Release|x86.ActiveCfg = Release|Win32
		{84E7CF06-A9BB-4CC8-975A-F77441F8F53A}.Release|x86.Build.0 = Release|Win32
	EndGlobalSection
	GlobalSection(SolutionProperties) = preSolution
		HideSolutionNode = FALSE
	EndGlobalSection
	GlobalSection(ExtensibilityGlobals) = postSolution
		SolutionGuid = {7F515DBE-2223-4CAE-AA9F-395C32D4AF5F}
	EndGlobalSection
EndGlobal
